// !$*UTF8*$!
{
	archiveVersion = 1;
	classes = {
	};
	objectVersion = 50;
	objects = {

/* Begin PBXBuildFile section */
		3DCD6807244867ED00F55D3E /* AppDelegate.swift in Sources */ = {isa = PBXBuildFile; fileRef = 3DCD6806244867ED00F55D3E /* AppDelegate.swift */; };
		3DCD6809244867ED00F55D3E /* SceneDelegate.swift in Sources */ = {isa = PBXBuildFile; fileRef = 3DCD6808244867ED00F55D3E /* SceneDelegate.swift */; };
		3DCD680E244867ED00F55D3E /* Main.storyboard in Resources */ = {isa = PBXBuildFile; fileRef = 3DCD680C244867ED00F55D3E /* Main.storyboard */; };
		3DCD6810244867EE00F55D3E /* Assets.xcassets in Resources */ = {isa = PBXBuildFile; fileRef = 3DCD680F244867EE00F55D3E /* Assets.xcassets */; };
		3DCD6813244867EE00F55D3E /* LaunchScreen.storyboard in Resources */ = {isa = PBXBuildFile; fileRef = 3DCD6811244867EE00F55D3E /* LaunchScreen.storyboard */; };
		3DCD681E244867EE00F55D3E /* UrbanSoochiTests.swift in Sources */ = {isa = PBXBuildFile; fileRef = 3DCD681D244867EE00F55D3E /* UrbanSoochiTests.swift */; };
		3DCD6829244867EE00F55D3E /* UrbanSoochiUITests.swift in Sources */ = {isa = PBXBuildFile; fileRef = 3DCD6828244867EE00F55D3E /* UrbanSoochiUITests.swift */; };
		3DCD683F24486A1800F55D3E /* APIRequest.swift in Sources */ = {isa = PBXBuildFile; fileRef = 3DCD683E24486A1800F55D3E /* APIRequest.swift */; };
		3DCD684124486A2300F55D3E /* APIRequestManager.swift in Sources */ = {isa = PBXBuildFile; fileRef = 3DCD684024486A2300F55D3E /* APIRequestManager.swift */; };
		3DCD684324486A6C00F55D3E /* ListOfCities.json in Resources */ = {isa = PBXBuildFile; fileRef = 3DCD684224486A6C00F55D3E /* ListOfCities.json */; };
		3DCD684524486A9C00F55D3E /* CitiesAndCountries.swift in Sources */ = {isa = PBXBuildFile; fileRef = 3DCD684424486A9C00F55D3E /* CitiesAndCountries.swift */; };
		3DCD684724486E2B00F55D3E /* CitiesListViewController.swift in Sources */ = {isa = PBXBuildFile; fileRef = 3DCD684624486E2B00F55D3E /* CitiesListViewController.swift */; };
		3DCD684924486E5300F55D3E /* CityListRequest.swift in Sources */ = {isa = PBXBuildFile; fileRef = 3DCD684824486E5300F55D3E /* CityListRequest.swift */; };
		3DCD684B24486ECA00F55D3E /* CitiesListViewModel.swift in Sources */ = {isa = PBXBuildFile; fileRef = 3DCD684A24486ECA00F55D3E /* CitiesListViewModel.swift */; };
		3DCD68632449BCF700F55D3E /* APIRequestTests.swift in Sources */ = {isa = PBXBuildFile; fileRef = 3DCD68622449BCF700F55D3E /* APIRequestTests.swift */; };
		3DCD68652449BD0F00F55D3E /* APIRequestManagetTests.swift in Sources */ = {isa = PBXBuildFile; fileRef = 3DCD68642449BD0F00F55D3E /* APIRequestManagetTests.swift */; };
		3DCD68682449BD2F00F55D3E /* CityListRequestTests.swift in Sources */ = {isa = PBXBuildFile; fileRef = 3DCD68672449BD2F00F55D3E /* CityListRequestTests.swift */; };
		3DCD686C2449BD4F00F55D3E /* CitiesListViewModelTests.swift in Sources */ = {isa = PBXBuildFile; fileRef = 3DCD686B2449BD4F00F55D3E /* CitiesListViewModelTests.swift */; };
		3DCD686E2449CC4200F55D3E /* MockCityListRequest.swift in Sources */ = {isa = PBXBuildFile; fileRef = 3DCD686D2449CC4200F55D3E /* MockCityListRequest.swift */; };
		3DD133FC244C50350067182D /* Extensions.swift in Sources */ = {isa = PBXBuildFile; fileRef = 3DD133FB244C50350067182D /* Extensions.swift */; };
		3DD13400244C50F10067182D /* Extensions+Tests.swift in Sources */ = {isa = PBXBuildFile; fileRef = 3DD133FF244C50F10067182D /* Extensions+Tests.swift */; };
		3DD13402244C713B0067182D /* City.swift in Sources */ = {isa = PBXBuildFile; fileRef = 3DD13401244C713B0067182D /* City.swift */; };
		3DF5683A244B4DDF005A711B /* String+UrbanSoochiTests.swift in Sources */ = {isa = PBXBuildFile; fileRef = 3DF56839244B4DDF005A711B /* String+UrbanSoochiTests.swift */; };
		3DF5683C244B6BA9005A711B /* NetworkError.swift in Sources */ = {isa = PBXBuildFile; fileRef = 3DF5683B244B6BA9005A711B /* NetworkError.swift */; };
		3DF5683E244B6F8D005A711B /* NetworkErrorTests.swift in Sources */ = {isa = PBXBuildFile; fileRef = 3DF5683D244B6F8D005A711B /* NetworkErrorTests.swift */; };
/* End PBXBuildFile section */

/* Begin PBXContainerItemProxy section */
		3DCD681A244867EE00F55D3E /* PBXContainerItemProxy */ = {
			isa = PBXContainerItemProxy;
			containerPortal = 3DCD67FB244867ED00F55D3E /* Project object */;
			proxyType = 1;
			remoteGlobalIDString = 3DCD6802244867ED00F55D3E;
			remoteInfo = UrbanSoochi;
		};
		3DCD6825244867EE00F55D3E /* PBXContainerItemProxy */ = {
			isa = PBXContainerItemProxy;
			containerPortal = 3DCD67FB244867ED00F55D3E /* Project object */;
			proxyType = 1;
			remoteGlobalIDString = 3DCD6802244867ED00F55D3E;
			remoteInfo = UrbanSoochi;
		};
/* End PBXContainerItemProxy section */

/* Begin PBXFileReference section */
		3DCD6803244867ED00F55D3E /* UrbanSoochi.app */ = {isa = PBXFileReference; explicitFileType = wrapper.application; includeInIndex = 0; path = UrbanSoochi.app; sourceTree = BUILT_PRODUCTS_DIR; };
		3DCD6806244867ED00F55D3E /* AppDelegate.swift */ = {isa = PBXFileReference; lastKnownFileType = sourcecode.swift; path = AppDelegate.swift; sourceTree = "<group>"; };
		3DCD6808244867ED00F55D3E /* SceneDelegate.swift */ = {isa = PBXFileReference; lastKnownFileType = sourcecode.swift; path = SceneDelegate.swift; sourceTree = "<group>"; };
		3DCD680D244867ED00F55D3E /* Base */ = {isa = PBXFileReference; lastKnownFileType = file.storyboard; name = Base; path = Base.lproj/Main.storyboard; sourceTree = "<group>"; };
		3DCD680F244867EE00F55D3E /* Assets.xcassets */ = {isa = PBXFileReference; lastKnownFileType = folder.assetcatalog; path = Assets.xcassets; sourceTree = "<group>"; };
		3DCD6812244867EE00F55D3E /* Base */ = {isa = PBXFileReference; lastKnownFileType = file.storyboard; name = Base; path = Base.lproj/LaunchScreen.storyboard; sourceTree = "<group>"; };
		3DCD6814244867EE00F55D3E /* Info.plist */ = {isa = PBXFileReference; lastKnownFileType = text.plist.xml; path = Info.plist; sourceTree = "<group>"; };
		3DCD6819244867EE00F55D3E /* UrbanSoochiTests.xctest */ = {isa = PBXFileReference; explicitFileType = wrapper.cfbundle; includeInIndex = 0; path = UrbanSoochiTests.xctest; sourceTree = BUILT_PRODUCTS_DIR; };
		3DCD681D244867EE00F55D3E /* UrbanSoochiTests.swift */ = {isa = PBXFileReference; lastKnownFileType = sourcecode.swift; path = UrbanSoochiTests.swift; sourceTree = "<group>"; };
		3DCD681F244867EE00F55D3E /* Info.plist */ = {isa = PBXFileReference; lastKnownFileType = text.plist.xml; path = Info.plist; sourceTree = "<group>"; };
		3DCD6824244867EE00F55D3E /* UrbanSoochiUITests.xctest */ = {isa = PBXFileReference; explicitFileType = wrapper.cfbundle; includeInIndex = 0; path = UrbanSoochiUITests.xctest; sourceTree = BUILT_PRODUCTS_DIR; };
		3DCD6828244867EE00F55D3E /* UrbanSoochiUITests.swift */ = {isa = PBXFileReference; lastKnownFileType = sourcecode.swift; path = UrbanSoochiUITests.swift; sourceTree = "<group>"; };
		3DCD682A244867EE00F55D3E /* Info.plist */ = {isa = PBXFileReference; lastKnownFileType = text.plist.xml; path = Info.plist; sourceTree = "<group>"; };
		3DCD683E24486A1800F55D3E /* APIRequest.swift */ = {isa = PBXFileReference; lastKnownFileType = sourcecode.swift; path = APIRequest.swift; sourceTree = "<group>"; };
		3DCD684024486A2300F55D3E /* APIRequestManager.swift */ = {isa = PBXFileReference; lastKnownFileType = sourcecode.swift; path = APIRequestManager.swift; sourceTree = "<group>"; };
		3DCD684224486A6C00F55D3E /* ListOfCities.json */ = {isa = PBXFileReference; fileEncoding = 4; lastKnownFileType = text.json; path = ListOfCities.json; sourceTree = "<group>"; };
		3DCD684424486A9C00F55D3E /* CitiesAndCountries.swift */ = {isa = PBXFileReference; lastKnownFileType = sourcecode.swift; path = CitiesAndCountries.swift; sourceTree = "<group>"; };
		3DCD684624486E2B00F55D3E /* CitiesListViewController.swift */ = {isa = PBXFileReference; lastKnownFileType = sourcecode.swift; path = CitiesListViewController.swift; sourceTree = "<group>"; };
		3DCD684824486E5300F55D3E /* CityListRequest.swift */ = {isa = PBXFileReference; lastKnownFileType = sourcecode.swift; path = CityListRequest.swift; sourceTree = "<group>"; };
		3DCD684A24486ECA00F55D3E /* CitiesListViewModel.swift */ = {isa = PBXFileReference; lastKnownFileType = sourcecode.swift; path = CitiesListViewModel.swift; sourceTree = "<group>"; };
		3DCD68622449BCF700F55D3E /* APIRequestTests.swift */ = {isa = PBXFileReference; lastKnownFileType = sourcecode.swift; path = APIRequestTests.swift; sourceTree = "<group>"; };
		3DCD68642449BD0F00F55D3E /* APIRequestManagetTests.swift */ = {isa = PBXFileReference; lastKnownFileType = sourcecode.swift; path = APIRequestManagetTests.swift; sourceTree = "<group>"; };
		3DCD68672449BD2F00F55D3E /* CityListRequestTests.swift */ = {isa = PBXFileReference; lastKnownFileType = sourcecode.swift; path = CityListRequestTests.swift; sourceTree = "<group>"; };
		3DCD686B2449BD4F00F55D3E /* CitiesListViewModelTests.swift */ = {isa = PBXFileReference; lastKnownFileType = sourcecode.swift; path = CitiesListViewModelTests.swift; sourceTree = "<group>"; };
		3DCD686D2449CC4200F55D3E /* MockCityListRequest.swift */ = {isa = PBXFileReference; lastKnownFileType = sourcecode.swift; path = MockCityListRequest.swift; sourceTree = "<group>"; };
		3DD133FB244C50350067182D /* Extensions.swift */ = {isa = PBXFileReference; lastKnownFileType = sourcecode.swift; path = Extensions.swift; sourceTree = "<group>"; };
		3DD133FF244C50F10067182D /* Extensions+Tests.swift */ = {isa = PBXFileReference; lastKnownFileType = sourcecode.swift; path = "Extensions+Tests.swift"; sourceTree = "<group>"; };
		3DD13401244C713B0067182D /* City.swift */ = {isa = PBXFileReference; lastKnownFileType = sourcecode.swift; path = City.swift; sourceTree = "<group>"; };
		3DF56839244B4DDF005A711B /* String+UrbanSoochiTests.swift */ = {isa = PBXFileReference; lastKnownFileType = sourcecode.swift; path = "String+UrbanSoochiTests.swift"; sourceTree = "<group>"; };
		3DF5683B244B6BA9005A711B /* NetworkError.swift */ = {isa = PBXFileReference; lastKnownFileType = sourcecode.swift; path = NetworkError.swift; sourceTree = "<group>"; };
		3DF5683D244B6F8D005A711B /* NetworkErrorTests.swift */ = {isa = PBXFileReference; lastKnownFileType = sourcecode.swift; name = NetworkErrorTests.swift; path = "../Network Manager/NetworkErrorTests.swift"; sourceTree = "<group>"; };
/* End PBXFileReference section */

/* Begin PBXFrameworksBuildPhase section */
		3DCD6800244867ED00F55D3E /* Frameworks */ = {
			isa = PBXFrameworksBuildPhase;
			buildActionMask = 2147483647;
			files = (
			);
			runOnlyForDeploymentPostprocessing = 0;
		};
		3DCD6816244867EE00F55D3E /* Frameworks */ = {
			isa = PBXFrameworksBuildPhase;
			buildActionMask = 2147483647;
			files = (
			);
			runOnlyForDeploymentPostprocessing = 0;
		};
		3DCD6821244867EE00F55D3E /* Frameworks */ = {
			isa = PBXFrameworksBuildPhase;
			buildActionMask = 2147483647;
			files = (
			);
			runOnlyForDeploymentPostprocessing = 0;
		};
/* End PBXFrameworksBuildPhase section */

/* Begin PBXGroup section */
		3DCD67FA244867ED00F55D3E = {
			isa = PBXGroup;
			children = (
				3DCD6805244867ED00F55D3E /* UrbanSoochi */,
				3DCD681C244867EE00F55D3E /* UrbanSoochiTests */,
				3DCD6827244867EE00F55D3E /* UrbanSoochiUITests */,
				3DCD6804244867ED00F55D3E /* Products */,
			);
			sourceTree = "<group>";
		};
		3DCD6804244867ED00F55D3E /* Products */ = {
			isa = PBXGroup;
			children = (
				3DCD6803244867ED00F55D3E /* UrbanSoochi.app */,
				3DCD6819244867EE00F55D3E /* UrbanSoochiTests.xctest */,
				3DCD6824244867EE00F55D3E /* UrbanSoochiUITests.xctest */,
			);
			name = Products;
			sourceTree = "<group>";
		};
		3DCD6805244867ED00F55D3E /* UrbanSoochi */ = {
			isa = PBXGroup;
			children = (
				3DCD68382448681600F55D3E /* Model */,
				3DCD683A2448682400F55D3E /* View */,
				3DCD68392448681F00F55D3E /* ViewModel */,
				3DCD683B2448682800F55D3E /* Request */,
				3DCD68372448680E00F55D3E /* Utilities */,
				3DCD68362448680500F55D3E /* Network Manager */,
				3DCD683C2448683900F55D3E /* Resources */,
				3DCD6806244867ED00F55D3E /* AppDelegate.swift */,
				3DCD6808244867ED00F55D3E /* SceneDelegate.swift */,
			);
			path = UrbanSoochi;
			sourceTree = "<group>";
		};
		3DCD681C244867EE00F55D3E /* UrbanSoochiTests */ = {
			isa = PBXGroup;
			children = (
				3DCD68612449BCE200F55D3E /* ViewModel */,
				3DCD685F2449BCD700F55D3E /* Request */,
				3DF56838244B4DC7005A711B /* Utilities */,
				3DCD685E2449BCCB00F55D3E /* Network Manager */,
				3DCD681D244867EE00F55D3E /* UrbanSoochiTests.swift */,
				3DCD681F244867EE00F55D3E /* Info.plist */,
			);
			path = UrbanSoochiTests;
			sourceTree = "<group>";
		};
		3DCD6827244867EE00F55D3E /* UrbanSoochiUITests */ = {
			isa = PBXGroup;
			children = (
				3DCD6828244867EE00F55D3E /* UrbanSoochiUITests.swift */,
				3DCD682A244867EE00F55D3E /* Info.plist */,
			);
			path = UrbanSoochiUITests;
			sourceTree = "<group>";
		};
		3DCD68362448680500F55D3E /* Network Manager */ = {
			isa = PBXGroup;
			children = (
				3DCD683E24486A1800F55D3E /* APIRequest.swift */,
				3DCD684024486A2300F55D3E /* APIRequestManager.swift */,
			);
			path = "Network Manager";
			sourceTree = "<group>";
		};
		3DCD68372448680E00F55D3E /* Utilities */ = {
			isa = PBXGroup;
			children = (
				3DF5683B244B6BA9005A711B /* NetworkError.swift */,
				3DD133FB244C50350067182D /* Extensions.swift */,
				3DCD684224486A6C00F55D3E /* ListOfCities.json */,
			);
			path = Utilities;
			sourceTree = "<group>";
		};
		3DCD68382448681600F55D3E /* Model */ = {
			isa = PBXGroup;
			children = (
				3DCD684424486A9C00F55D3E /* CitiesAndCountries.swift */,
				3DD13401244C713B0067182D /* City.swift */,
			);
			path = Model;
			sourceTree = "<group>";
		};
		3DCD68392448681F00F55D3E /* ViewModel */ = {
			isa = PBXGroup;
			children = (
				3DCD684A24486ECA00F55D3E /* CitiesListViewModel.swift */,
			);
			path = ViewModel;
			sourceTree = "<group>";
		};
		3DCD683A2448682400F55D3E /* View */ = {
			isa = PBXGroup;
			children = (
				3DCD684624486E2B00F55D3E /* CitiesListViewController.swift */,
			);
			path = View;
			sourceTree = "<group>";
		};
		3DCD683B2448682800F55D3E /* Request */ = {
			isa = PBXGroup;
			children = (
				3DCD684824486E5300F55D3E /* CityListRequest.swift */,
			);
			path = Request;
			sourceTree = "<group>";
		};
		3DCD683C2448683900F55D3E /* Resources */ = {
			isa = PBXGroup;
			children = (
				3DCD680C244867ED00F55D3E /* Main.storyboard */,
				3DCD680F244867EE00F55D3E /* Assets.xcassets */,
				3DCD6811244867EE00F55D3E /* LaunchScreen.storyboard */,
				3DCD6814244867EE00F55D3E /* Info.plist */,
			);
			path = Resources;
			sourceTree = "<group>";
		};
		3DCD685E2449BCCB00F55D3E /* Network Manager */ = {
			isa = PBXGroup;
			children = (
				3DCD68622449BCF700F55D3E /* APIRequestTests.swift */,
				3DCD68642449BD0F00F55D3E /* APIRequestManagetTests.swift */,
			);
			path = "Network Manager";
			sourceTree = "<group>";
		};
		3DCD685F2449BCD700F55D3E /* Request */ = {
			isa = PBXGroup;
			children = (
				3DCD68672449BD2F00F55D3E /* CityListRequestTests.swift */,
				3DCD686D2449CC4200F55D3E /* MockCityListRequest.swift */,
			);
			path = Request;
			sourceTree = "<group>";
		};
		3DCD68612449BCE200F55D3E /* ViewModel */ = {
			isa = PBXGroup;
			children = (
				3DCD686B2449BD4F00F55D3E /* CitiesListViewModelTests.swift */,
			);
			path = ViewModel;
			sourceTree = "<group>";
		};
		3DF56838244B4DC7005A711B /* Utilities */ = {
			isa = PBXGroup;
			children = (
				3DF5683D244B6F8D005A711B /* NetworkErrorTests.swift */,
				3DF56839244B4DDF005A711B /* String+UrbanSoochiTests.swift */,
				3DD133FF244C50F10067182D /* Extensions+Tests.swift */,
			);
			path = Utilities;
			sourceTree = "<group>";
		};
/* End PBXGroup section */

/* Begin PBXNativeTarget section */
		3DCD6802244867ED00F55D3E /* UrbanSoochi */ = {
			isa = PBXNativeTarget;
			buildConfigurationList = 3DCD682D244867EE00F55D3E /* Build configuration list for PBXNativeTarget "UrbanSoochi" */;
			buildPhases = (
				3DCD67FF244867ED00F55D3E /* Sources */,
				3DCD6800244867ED00F55D3E /* Frameworks */,
				3DCD6801244867ED00F55D3E /* Resources */,
				3DCD684C244870E100F55D3E /* SwiftLint */,
			);
			buildRules = (
			);
			dependencies = (
			);
			name = UrbanSoochi;
			productName = UrbanSoochi;
			productReference = 3DCD6803244867ED00F55D3E /* UrbanSoochi.app */;
			productType = "com.apple.product-type.application";
		};
		3DCD6818244867EE00F55D3E /* UrbanSoochiTests */ = {
			isa = PBXNativeTarget;
			buildConfigurationList = 3DCD6830244867EE00F55D3E /* Build configuration list for PBXNativeTarget "UrbanSoochiTests" */;
			buildPhases = (
				3DCD6815244867EE00F55D3E /* Sources */,
				3DCD6816244867EE00F55D3E /* Frameworks */,
				3DCD6817244867EE00F55D3E /* Resources */,
			);
			buildRules = (
			);
			dependencies = (
				3DCD681B244867EE00F55D3E /* PBXTargetDependency */,
			);
			name = UrbanSoochiTests;
			productName = UrbanSoochiTests;
			productReference = 3DCD6819244867EE00F55D3E /* UrbanSoochiTests.xctest */;
			productType = "com.apple.product-type.bundle.unit-test";
		};
		3DCD6823244867EE00F55D3E /* UrbanSoochiUITests */ = {
			isa = PBXNativeTarget;
			buildConfigurationList = 3DCD6833244867EE00F55D3E /* Build configuration list for PBXNativeTarget "UrbanSoochiUITests" */;
			buildPhases = (
				3DCD6820244867EE00F55D3E /* Sources */,
				3DCD6821244867EE00F55D3E /* Frameworks */,
				3DCD6822244867EE00F55D3E /* Resources */,
			);
			buildRules = (
			);
			dependencies = (
				3DCD6826244867EE00F55D3E /* PBXTargetDependency */,
			);
			name = UrbanSoochiUITests;
			productName = UrbanSoochiUITests;
			productReference = 3DCD6824244867EE00F55D3E /* UrbanSoochiUITests.xctest */;
			productType = "com.apple.product-type.bundle.ui-testing";
		};
/* End PBXNativeTarget section */

/* Begin PBXProject section */
		3DCD67FB244867ED00F55D3E /* Project object */ = {
			isa = PBXProject;
			attributes = {
				LastSwiftUpdateCheck = 1130;
				LastUpgradeCheck = 1130;
				ORGANIZATIONNAME = Personal;
				TargetAttributes = {
					3DCD6802244867ED00F55D3E = {
						CreatedOnToolsVersion = 11.3.1;
					};
					3DCD6818244867EE00F55D3E = {
						CreatedOnToolsVersion = 11.3.1;
						TestTargetID = 3DCD6802244867ED00F55D3E;
					};
					3DCD6823244867EE00F55D3E = {
						CreatedOnToolsVersion = 11.3.1;
						TestTargetID = 3DCD6802244867ED00F55D3E;
					};
				};
			};
			buildConfigurationList = 3DCD67FE244867ED00F55D3E /* Build configuration list for PBXProject "UrbanSoochi" */;
			compatibilityVersion = "Xcode 9.3";
			developmentRegion = en;
			hasScannedForEncodings = 0;
			knownRegions = (
				en,
				Base,
			);
			mainGroup = 3DCD67FA244867ED00F55D3E;
			productRefGroup = 3DCD6804244867ED00F55D3E /* Products */;
			projectDirPath = "";
			projectRoot = "";
			targets = (
				3DCD6802244867ED00F55D3E /* UrbanSoochi */,
				3DCD6818244867EE00F55D3E /* UrbanSoochiTests */,
				3DCD6823244867EE00F55D3E /* UrbanSoochiUITests */,
			);
		};
/* End PBXProject section */

/* Begin PBXResourcesBuildPhase section */
		3DCD6801244867ED00F55D3E /* Resources */ = {
			isa = PBXResourcesBuildPhase;
			buildActionMask = 2147483647;
			files = (
				3DCD6813244867EE00F55D3E /* LaunchScreen.storyboard in Resources */,
				3DCD6810244867EE00F55D3E /* Assets.xcassets in Resources */,
				3DCD680E244867ED00F55D3E /* Main.storyboard in Resources */,
				3DCD684324486A6C00F55D3E /* ListOfCities.json in Resources */,
			);
			runOnlyForDeploymentPostprocessing = 0;
		};
		3DCD6817244867EE00F55D3E /* Resources */ = {
			isa = PBXResourcesBuildPhase;
			buildActionMask = 2147483647;
			files = (
			);
			runOnlyForDeploymentPostprocessing = 0;
		};
		3DCD6822244867EE00F55D3E /* Resources */ = {
			isa = PBXResourcesBuildPhase;
			buildActionMask = 2147483647;
			files = (
			);
			runOnlyForDeploymentPostprocessing = 0;
		};
/* End PBXResourcesBuildPhase section */

/* Begin PBXShellScriptBuildPhase section */
		3DCD684C244870E100F55D3E /* SwiftLint */ = {
			isa = PBXShellScriptBuildPhase;
			buildActionMask = 2147483647;
			files = (
			);
			inputFileListPaths = (
			);
			inputPaths = (
			);
			name = SwiftLint;
			outputFileListPaths = (
			);
			outputPaths = (
			);
			runOnlyForDeploymentPostprocessing = 0;
			shellPath = /bin/sh;
			shellScript = "if which swiftlint >/dev/null; then\n  swiftlint autocorrect\nelse\n  echo \"warning: SwiftLint not installed, download from https://github.com/realm/SwiftLint\"\nfi\n";
		};
/* End PBXShellScriptBuildPhase section */

/* Begin PBXSourcesBuildPhase section */
		3DCD67FF244867ED00F55D3E /* Sources */ = {
			isa = PBXSourcesBuildPhase;
			buildActionMask = 2147483647;
			files = (
				3DCD684524486A9C00F55D3E /* CitiesAndCountries.swift in Sources */,
				3DCD684724486E2B00F55D3E /* CitiesListViewController.swift in Sources */,
				3DCD6807244867ED00F55D3E /* AppDelegate.swift in Sources */,
				3DF5683C244B6BA9005A711B /* NetworkError.swift in Sources */,
				3DCD684124486A2300F55D3E /* APIRequestManager.swift in Sources */,
				3DD133FC244C50350067182D /* Extensions.swift in Sources */,
				3DCD683F24486A1800F55D3E /* APIRequest.swift in Sources */,
				3DD13402244C713B0067182D /* City.swift in Sources */,
				3DCD684924486E5300F55D3E /* CityListRequest.swift in Sources */,
				3DCD6809244867ED00F55D3E /* SceneDelegate.swift in Sources */,
				3DCD684B24486ECA00F55D3E /* CitiesListViewModel.swift in Sources */,
			);
			runOnlyForDeploymentPostprocessing = 0;
		};
		3DCD6815244867EE00F55D3E /* Sources */ = {
			isa = PBXSourcesBuildPhase;
			buildActionMask = 2147483647;
			files = (
				3DCD68632449BCF700F55D3E /* APIRequestTests.swift in Sources */,
				3DCD681E244867EE00F55D3E /* UrbanSoochiTests.swift in Sources */,
				3DF5683A244B4DDF005A711B /* String+UrbanSoochiTests.swift in Sources */,
				3DCD68682449BD2F00F55D3E /* CityListRequestTests.swift in Sources */,
				3DCD686C2449BD4F00F55D3E /* CitiesListViewModelTests.swift in Sources */,
				3DCD68652449BD0F00F55D3E /* APIRequestManagetTests.swift in Sources */,
				3DCD686E2449CC4200F55D3E /* MockCityListRequest.swift in Sources */,
				3DD13400244C50F10067182D /* Extensions+Tests.swift in Sources */,
				3DF5683E244B6F8D005A711B /* NetworkErrorTests.swift in Sources */,
			);
			runOnlyForDeploymentPostprocessing = 0;
		};
		3DCD6820244867EE00F55D3E /* Sources */ = {
			isa = PBXSourcesBuildPhase;
			buildActionMask = 2147483647;
			files = (
				3DCD6829244867EE00F55D3E /* UrbanSoochiUITests.swift in Sources */,
			);
			runOnlyForDeploymentPostprocessing = 0;
		};
/* End PBXSourcesBuildPhase section */

/* Begin PBXTargetDependency section */
		3DCD681B244867EE00F55D3E /* PBXTargetDependency */ = {
			isa = PBXTargetDependency;
			target = 3DCD6802244867ED00F55D3E /* UrbanSoochi */;
			targetProxy = 3DCD681A244867EE00F55D3E /* PBXContainerItemProxy */;
		};
		3DCD6826244867EE00F55D3E /* PBXTargetDependency */ = {
			isa = PBXTargetDependency;
			target = 3DCD6802244867ED00F55D3E /* UrbanSoochi */;
			targetProxy = 3DCD6825244867EE00F55D3E /* PBXContainerItemProxy */;
		};
/* End PBXTargetDependency section */

/* Begin PBXVariantGroup section */
		3DCD680C244867ED00F55D3E /* Main.storyboard */ = {
			isa = PBXVariantGroup;
			children = (
				3DCD680D244867ED00F55D3E /* Base */,
			);
			name = Main.storyboard;
			sourceTree = "<group>";
		};
		3DCD6811244867EE00F55D3E /* LaunchScreen.storyboard */ = {
			isa = PBXVariantGroup;
			children = (
				3DCD6812244867EE00F55D3E /* Base */,
			);
			name = LaunchScreen.storyboard;
			sourceTree = "<group>";
		};
/* End PBXVariantGroup section */

/* Begin XCBuildConfiguration section */
		3DCD682B244867EE00F55D3E /* Debug */ = {
			isa = XCBuildConfiguration;
			buildSettings = {
				ALWAYS_SEARCH_USER_PATHS = NO;
				CLANG_ANALYZER_NONNULL = YES;
				CLANG_ANALYZER_NUMBER_OBJECT_CONVERSION = YES_AGGRESSIVE;
				CLANG_CXX_LANGUAGE_STANDARD = "gnu++14";
				CLANG_CXX_LIBRARY = "libc++";
				CLANG_ENABLE_MODULES = YES;
				CLANG_ENABLE_OBJC_ARC = YES;
				CLANG_ENABLE_OBJC_WEAK = YES;
				CLANG_WARN_BLOCK_CAPTURE_AUTORELEASING = YES;
				CLANG_WARN_BOOL_CONVERSION = YES;
				CLANG_WARN_COMMA = YES;
				CLANG_WARN_CONSTANT_CONVERSION = YES;
				CLANG_WARN_DEPRECATED_OBJC_IMPLEMENTATIONS = YES;
				CLANG_WARN_DIRECT_OBJC_ISA_USAGE = YES_ERROR;
				CLANG_WARN_DOCUMENTATION_COMMENTS = YES;
				CLANG_WARN_EMPTY_BODY = YES;
				CLANG_WARN_ENUM_CONVERSION = YES;
				CLANG_WARN_INFINITE_RECURSION = YES;
				CLANG_WARN_INT_CONVERSION = YES;
				CLANG_WARN_NON_LITERAL_NULL_CONVERSION = YES;
				CLANG_WARN_OBJC_IMPLICIT_RETAIN_SELF = YES;
				CLANG_WARN_OBJC_LITERAL_CONVERSION = YES;
				CLANG_WARN_OBJC_ROOT_CLASS = YES_ERROR;
				CLANG_WARN_RANGE_LOOP_ANALYSIS = YES;
				CLANG_WARN_STRICT_PROTOTYPES = YES;
				CLANG_WARN_SUSPICIOUS_MOVE = YES;
				CLANG_WARN_UNGUARDED_AVAILABILITY = YES_AGGRESSIVE;
				CLANG_WARN_UNREACHABLE_CODE = YES;
				CLANG_WARN__DUPLICATE_METHOD_MATCH = YES;
				COPY_PHASE_STRIP = NO;
				DEBUG_INFORMATION_FORMAT = dwarf;
				ENABLE_STRICT_OBJC_MSGSEND = YES;
				ENABLE_TESTABILITY = YES;
				GCC_C_LANGUAGE_STANDARD = gnu11;
				GCC_DYNAMIC_NO_PIC = NO;
				GCC_NO_COMMON_BLOCKS = YES;
				GCC_OPTIMIZATION_LEVEL = 0;
				GCC_PREPROCESSOR_DEFINITIONS = (
					"DEBUG=1",
					"$(inherited)",
				);
				GCC_WARN_64_TO_32_BIT_CONVERSION = YES;
				GCC_WARN_ABOUT_RETURN_TYPE = YES_ERROR;
				GCC_WARN_UNDECLARED_SELECTOR = YES;
				GCC_WARN_UNINITIALIZED_AUTOS = YES_AGGRESSIVE;
				GCC_WARN_UNUSED_FUNCTION = YES;
				GCC_WARN_UNUSED_VARIABLE = YES;
				IPHONEOS_DEPLOYMENT_TARGET = 13.2;
				MTL_ENABLE_DEBUG_INFO = INCLUDE_SOURCE;
				MTL_FAST_MATH = YES;
				ONLY_ACTIVE_ARCH = YES;
				SDKROOT = iphoneos;
				SWIFT_ACTIVE_COMPILATION_CONDITIONS = DEBUG;
				SWIFT_OPTIMIZATION_LEVEL = "-Onone";
			};
			name = Debug;
		};
		3DCD682C244867EE00F55D3E /* Release */ = {
			isa = XCBuildConfiguration;
			buildSettings = {
				ALWAYS_SEARCH_USER_PATHS = NO;
				CLANG_ANALYZER_NONNULL = YES;
				CLANG_ANALYZER_NUMBER_OBJECT_CONVERSION = YES_AGGRESSIVE;
				CLANG_CXX_LANGUAGE_STANDARD = "gnu++14";
				CLANG_CXX_LIBRARY = "libc++";
				CLANG_ENABLE_MODULES = YES;
				CLANG_ENABLE_OBJC_ARC = YES;
				CLANG_ENABLE_OBJC_WEAK = YES;
				CLANG_WARN_BLOCK_CAPTURE_AUTORELEASING = YES;
				CLANG_WARN_BOOL_CONVERSION = YES;
				CLANG_WARN_COMMA = YES;
				CLANG_WARN_CONSTANT_CONVERSION = YES;
				CLANG_WARN_DEPRECATED_OBJC_IMPLEMENTATIONS = YES;
				CLANG_WARN_DIRECT_OBJC_ISA_USAGE = YES_ERROR;
				CLANG_WARN_DOCUMENTATION_COMMENTS = YES;
				CLANG_WARN_EMPTY_BODY = YES;
				CLANG_WARN_ENUM_CONVERSION = YES;
				CLANG_WARN_INFINITE_RECURSION = YES;
				CLANG_WARN_INT_CONVERSION = YES;
				CLANG_WARN_NON_LITERAL_NULL_CONVERSION = YES;
				CLANG_WARN_OBJC_IMPLICIT_RETAIN_SELF = YES;
				CLANG_WARN_OBJC_LITERAL_CONVERSION = YES;
				CLANG_WARN_OBJC_ROOT_CLASS = YES_ERROR;
				CLANG_WARN_RANGE_LOOP_ANALYSIS = YES;
				CLANG_WARN_STRICT_PROTOTYPES = YES;
				CLANG_WARN_SUSPICIOUS_MOVE = YES;
				CLANG_WARN_UNGUARDED_AVAILABILITY = YES_AGGRESSIVE;
				CLANG_WARN_UNREACHABLE_CODE = YES;
				CLANG_WARN__DUPLICATE_METHOD_MATCH = YES;
				COPY_PHASE_STRIP = NO;
				DEBUG_INFORMATION_FORMAT = "dwarf-with-dsym";
				ENABLE_NS_ASSERTIONS = NO;
				ENABLE_STRICT_OBJC_MSGSEND = YES;
				GCC_C_LANGUAGE_STANDARD = gnu11;
				GCC_NO_COMMON_BLOCKS = YES;
				GCC_WARN_64_TO_32_BIT_CONVERSION = YES;
				GCC_WARN_ABOUT_RETURN_TYPE = YES_ERROR;
				GCC_WARN_UNDECLARED_SELECTOR = YES;
				GCC_WARN_UNINITIALIZED_AUTOS = YES_AGGRESSIVE;
				GCC_WARN_UNUSED_FUNCTION = YES;
				GCC_WARN_UNUSED_VARIABLE = YES;
				IPHONEOS_DEPLOYMENT_TARGET = 13.2;
				MTL_ENABLE_DEBUG_INFO = NO;
				MTL_FAST_MATH = YES;
				SDKROOT = iphoneos;
				SWIFT_COMPILATION_MODE = wholemodule;
				SWIFT_OPTIMIZATION_LEVEL = "-O";
				VALIDATE_PRODUCT = YES;
			};
			name = Release;
		};
		3DCD682E244867EE00F55D3E /* Debug */ = {
			isa = XCBuildConfiguration;
			buildSettings = {
				ASSETCATALOG_COMPILER_APPICON_NAME = AppIcon;
				CODE_SIGN_STYLE = Automatic;
				DEVELOPMENT_TEAM = FW9AJ8JAC6;
				INFOPLIST_FILE = /Users/vinayak.gh/Documents/UrbanSoochi/UrbanSoochi/Resources/Info.plist;
				LD_RUNPATH_SEARCH_PATHS = (
					"$(inherited)",
					"@executable_path/Frameworks",
				);
				PRODUCT_BUNDLE_IDENTIFIER = com.hejibVinayak.UrbanSoochi;
				PRODUCT_NAME = "$(TARGET_NAME)";
				SWIFT_VERSION = 5.0;
				TARGETED_DEVICE_FAMILY = "1,2";
			};
			name = Debug;
		};
		3DCD682F244867EE00F55D3E /* Release */ = {
			isa = XCBuildConfiguration;
			buildSettings = {
				ASSETCATALOG_COMPILER_APPICON_NAME = AppIcon;
				CODE_SIGN_STYLE = Automatic;
				DEVELOPMENT_TEAM = FW9AJ8JAC6;
				INFOPLIST_FILE = /Users/vinayak.gh/Documents/UrbanSoochi/UrbanSoochi/Resources/Info.plist;
				LD_RUNPATH_SEARCH_PATHS = (
					"$(inherited)",
					"@executable_path/Frameworks",
				);
				PRODUCT_BUNDLE_IDENTIFIER = com.hejibVinayak.UrbanSoochi;
				PRODUCT_NAME = "$(TARGET_NAME)";
				SWIFT_VERSION = 5.0;
				TARGETED_DEVICE_FAMILY = "1,2";
			};
			name = Release;
		};
		3DCD6831244867EE00F55D3E /* Debug */ = {
			isa = XCBuildConfiguration;
			buildSettings = {
				ALWAYS_EMBED_SWIFT_STANDARD_LIBRARIES = YES;
				BUNDLE_LOADER = "$(TEST_HOST)";
				CODE_SIGN_STYLE = Automatic;
				DEVELOPMENT_TEAM = FW9AJ8JAC6;
				INFOPLIST_FILE = UrbanSoochiTests/Info.plist;
				IPHONEOS_DEPLOYMENT_TARGET = 13.2;
				LD_RUNPATH_SEARCH_PATHS = (
					"$(inherited)",
					"@executable_path/Frameworks",
					"@loader_path/Frameworks",
				);
				PRODUCT_BUNDLE_IDENTIFIER = com.hejibVinayak.AngalaBasicsDebugger.UrbanSoochiTests;
				PRODUCT_NAME = "$(TARGET_NAME)";
				SWIFT_VERSION = 5.0;
				TARGETED_DEVICE_FAMILY = "1,2";
				TEST_HOST = "$(BUILT_PRODUCTS_DIR)/UrbanSoochi.app/UrbanSoochi";
			};
			name = Debug;
		};
		3DCD6832244867EE00F55D3E /* Release */ = {
			isa = XCBuildConfiguration;
			buildSettings = {
				ALWAYS_EMBED_SWIFT_STANDARD_LIBRARIES = YES;
				BUNDLE_LOADER = "$(TEST_HOST)";
				CODE_SIGN_STYLE = Automatic;
				DEVELOPMENT_TEAM = FW9AJ8JAC6;
				INFOPLIST_FILE = UrbanSoochiTests/Info.plist;
				IPHONEOS_DEPLOYMENT_TARGET = 13.2;
				LD_RUNPATH_SEARCH_PATHS = (
					"$(inherited)",
					"@executable_path/Frameworks",
					"@loader_path/Frameworks",
				);
				PRODUCT_BUNDLE_IDENTIFIER = com.hejibVinayak.AngalaBasicsDebugger.UrbanSoochiTests;
				PRODUCT_NAME = "$(TARGET_NAME)";
				SWIFT_VERSION = 5.0;
				TARGETED_DEVICE_FAMILY = "1,2";
				TEST_HOST = "$(BUILT_PRODUCTS_DIR)/UrbanSoochi.app/UrbanSoochi";
			};
			name = Release;
		};
		3DCD6834244867EE00F55D3E /* Debug */ = {
			isa = XCBuildConfiguration;
			buildSettings = {
				ALWAYS_EMBED_SWIFT_STANDARD_LIBRARIES = YES;
				CODE_SIGN_STYLE = Automatic;
				DEVELOPMENT_TEAM = FW9AJ8JAC6;
				INFOPLIST_FILE = UrbanSoochiUITests/Info.plist;
				LD_RUNPATH_SEARCH_PATHS = (
					"$(inherited)",
					"@executable_path/Frameworks",
					"@loader_path/Frameworks",
				);
				PRODUCT_BUNDLE_IDENTIFIER = com.hejibVinayak.AngalaBasicsDebugger.UrbanSoochiUITests;
				PRODUCT_NAME = "$(TARGET_NAME)";
				SWIFT_VERSION = 5.0;
				TARGETED_DEVICE_FAMILY = "1,2";
				TEST_TARGET_NAME = UrbanSoochi;
			};
			name = Debug;
		};
		3DCD6835244867EE00F55D3E /* Release */ = {
			isa = XCBuildConfiguration;
			buildSettings = {
				ALWAYS_EMBED_SWIFT_STANDARD_LIBRARIES = YES;
				CODE_SIGN_STYLE = Automatic;
				DEVELOPMENT_TEAM = FW9AJ8JAC6;
				INFOPLIST_FILE = UrbanSoochiUITests/Info.plist;
				LD_RUNPATH_SEARCH_PATHS = (
					"$(inherited)",
					"@executable_path/Frameworks",
					"@loader_path/Frameworks",
				);
				PRODUCT_BUNDLE_IDENTIFIER = com.hejibVinayak.AngalaBasicsDebugger.UrbanSoochiUITests;
				PRODUCT_NAME = "$(TARGET_NAME)";
				SWIFT_VERSION = 5.0;
				TARGETED_DEVICE_FAMILY = "1,2";
				TEST_TARGET_NAME = UrbanSoochi;
			};
			name = Release;
		};
/* End XCBuildConfiguration section */

/* Begin XCConfigurationList section */
		3DCD67FE244867ED00F55D3E /* Build configuration list for PBXProject "UrbanSoochi" */ = {
			isa = XCConfigurationList;
			buildConfigurations = (
				3DCD682B244867EE00F55D3E /* Debug */,
				3DCD682C244867EE00F55D3E /* Release */,
			);
			defaultConfigurationIsVisible = 0;
			defaultConfigurationName = Release;
		};
		3DCD682D244867EE00F55D3E /* Build configuration list for PBXNativeTarget "UrbanSoochi" */ = {
			isa = XCConfigurationList;
			buildConfigurations = (
				3DCD682E244867EE00F55D3E /* Debug */,
				3DCD682F244867EE00F55D3E /* Release */,
			);
			defaultConfigurationIsVisible = 0;
			defaultConfigurationName = Release;
		};
		3DCD6830244867EE00F55D3E /* Build configuration list for PBXNativeTarget "UrbanSoochiTests" */ = {
			isa = XCConfigurationList;
			buildConfigurations = (
				3DCD6831244867EE00F55D3E /* Debug */,
				3DCD6832244867EE00F55D3E /* Release */,
			);
			defaultConfigurationIsVisible = 0;
			defaultConfigurationName = Release;
		};
		3DCD6833244867EE00F55D3E /* Build configuration list for PBXNativeTarget "UrbanSoochiUITests" */ = {
			isa = XCConfigurationList;
			buildConfigurations = (
				3DCD6834244867EE00F55D3E /* Debug */,
				3DCD6835244867EE00F55D3E /* Release */,
			);
			defaultConfigurationIsVisible = 0;
			defaultConfigurationName = Release;
		};
/* End XCConfigurationList section */
	};
	rootObject = 3DCD67FB244867ED00F55D3E /* Project object */;
}
