// !$*UTF8*$!
{
	archiveVersion = 1;
	classes = {
	};
	objectVersion = 50;
	objects = {

/* Begin PBXBuildFile section */
		3DCD6807244867ED00F55D3E /* AppDelegate.swift in Sources */ = {isa = PBXBuildFile; fileRef = 3DCD6806244867ED00F55D3E /* AppDelegate.swift */; };
		3DCD6809244867ED00F55D3E /* SceneDelegate.swift in Sources */ = {isa = PBXBuildFile; fileRef = 3DCD6808244867ED00F55D3E /* SceneDelegate.swift */; };
		3DCD680B244867ED00F55D3E /* ViewController.swift in Sources */ = {isa = PBXBuildFile; fileRef = 3DCD680A244867ED00F55D3E /* ViewController.swift */; };
		3DCD680E244867ED00F55D3E /* Main.storyboard in Resources */ = {isa = PBXBuildFile; fileRef = 3DCD680C244867ED00F55D3E /* Main.storyboard */; };
		3DCD6810244867EE00F55D3E /* Assets.xcassets in Resources */ = {isa = PBXBuildFile; fileRef = 3DCD680F244867EE00F55D3E /* Assets.xcassets */; };
		3DCD6813244867EE00F55D3E /* LaunchScreen.storyboard in Resources */ = {isa = PBXBuildFile; fileRef = 3DCD6811244867EE00F55D3E /* LaunchScreen.storyboard */; };
		3DCD681E244867EE00F55D3E /* UrbanSoochiTests.swift in Sources */ = {isa = PBXBuildFile; fileRef = 3DCD681D244867EE00F55D3E /* UrbanSoochiTests.swift */; };
		3DCD6829244867EE00F55D3E /* UrbanSoochiUITests.swift in Sources */ = {isa = PBXBuildFile; fileRef = 3DCD6828244867EE00F55D3E /* UrbanSoochiUITests.swift */; };
/* End PBXBuildFile section */

/* Begin PBXContainerItemProxy section */
		3DCD681A244867EE00F55D3E /* PBXContainerItemProxy */ = {
			isa = PBXContainerItemProxy;
			containerPortal = 3DCD67FB244867ED00F55D3E /* Project object */;
			proxyType = 1;
			remoteGlobalIDString = 3DCD6802244867ED00F55D3E;
			remoteInfo = UrbanSoochi;
		};
		3DCD6825244867EE00F55D3E /* PBXContainerItemProxy */ = {
			isa = PBXContainerItemProxy;
			containerPortal = 3DCD67FB244867ED00F55D3E /* Project object */;
			proxyType = 1;
			remoteGlobalIDString = 3DCD6802244867ED00F55D3E;
			remoteInfo = UrbanSoochi;
		};
/* End PBXContainerItemProxy section */

/* Begin PBXFileReference section */
		3DCD6803244867ED00F55D3E /* UrbanSoochi.app */ = {isa = PBXFileReference; explicitFileType = wrapper.application; includeInIndex = 0; path = UrbanSoochi.app; sourceTree = BUILT_PRODUCTS_DIR; };
		3DCD6806244867ED00F55D3E /* AppDelegate.swift */ = {isa = PBXFileReference; lastKnownFileType = sourcecode.swift; path = AppDelegate.swift; sourceTree = "<group>"; };
		3DCD6808244867ED00F55D3E /* SceneDelegate.swift */ = {isa = PBXFileReference; lastKnownFileType = sourcecode.swift; path = SceneDelegate.swift; sourceTree = "<group>"; };
		3DCD680A244867ED00F55D3E /* ViewController.swift */ = {isa = PBXFileReference; lastKnownFileType = sourcecode.swift; path = ViewController.swift; sourceTree = "<group>"; };
		3DCD680D244867ED00F55D3E /* Base */ = {isa = PBXFileReference; lastKnownFileType = file.storyboard; name = Base; path = Base.lproj/Main.storyboard; sourceTree = "<group>"; };
		3DCD680F244867EE00F55D3E /* Assets.xcassets */ = {isa = PBXFileReference; lastKnownFileType = folder.assetcatalog; path = Assets.xcassets; sourceTree = "<group>"; };
		3DCD6812244867EE00F55D3E /* Base */ = {isa = PBXFileReference; lastKnownFileType = file.storyboard; name = Base; path = Base.lproj/LaunchScreen.storyboard; sourceTree = "<group>"; };
		3DCD6814244867EE00F55D3E /* Info.plist */ = {isa = PBXFileReference; lastKnownFileType = text.plist.xml; path = Info.plist; sourceTree = "<group>"; };
		3DCD6819244867EE00F55D3E /* UrbanSoochiTests.xctest */ = {isa = PBXFileReference; explicitFileType = wrapper.cfbundle; includeInIndex = 0; path = UrbanSoochiTests.xctest; sourceTree = BUILT_PRODUCTS_DIR; };
		3DCD681D244867EE00F55D3E /* UrbanSoochiTests.swift */ = {isa = PBXFileReference; lastKnownFileType = sourcecode.swift; path = UrbanSoochiTests.swift; sourceTree = "<group>"; };
		3DCD681F244867EE00F55D3E /* Info.plist */ = {isa = PBXFileReference; lastKnownFileType = text.plist.xml; path = Info.plist; sourceTree = "<group>"; };
		3DCD6824244867EE00F55D3E /* UrbanSoochiUITests.xctest */ = {isa = PBXFileReference; explicitFileType = wrapper.cfbundle; includeInIndex = 0; path = UrbanSoochiUITests.xctest; sourceTree = BUILT_PRODUCTS_DIR; };
		3DCD6828244867EE00F55D3E /* UrbanSoochiUITests.swift */ = {isa = PBXFileReference; lastKnownFileType = sourcecode.swift; path = UrbanSoochiUITests.swift; sourceTree = "<group>"; };
		3DCD682A244867EE00F55D3E /* Info.plist */ = {isa = PBXFileReference; lastKnownFileType = text.plist.xml; path = Info.plist; sourceTree = "<group>"; };
/* End PBXFileReference section */

/* Begin PBXFrameworksBuildPhase section */
		3DCD6800244867ED00F55D3E /* Frameworks */ = {
			isa = PBXFrameworksBuildPhase;
			buildActionMask = 2147483647;
			files = (
			);
			runOnlyForDeploymentPostprocessing = 0;
		};
		3DCD6816244867EE00F55D3E /* Frameworks */ = {
			isa = PBXFrameworksBuildPhase;
			buildActionMask = 2147483647;
			files = (
			);
			runOnlyForDeploymentPostprocessing = 0;
		};
		3DCD6821244867EE00F55D3E /* Frameworks */ = {
			isa = PBXFrameworksBuildPhase;
			buildActionMask = 2147483647;
			files = (
			);
			runOnlyForDeploymentPostprocessing = 0;
		};
/* End PBXFrameworksBuildPhase section */

/* Begin PBXGroup section */
		3DCD67FA244867ED00F55D3E = {
			isa = PBXGroup;
			children = (
				3DCD6805244867ED00F55D3E /* UrbanSoochi */,
				3DCD681C244867EE00F55D3E /* UrbanSoochiTests */,
				3DCD6827244867EE00F55D3E /* UrbanSoochiUITests */,
				3DCD6804244867ED00F55D3E /* Products */,
			);
			sourceTree = "<group>";
		};
		3DCD6804244867ED00F55D3E /* Products */ = {
			isa = PBXGroup;
			children = (
				3DCD6803244867ED00F55D3E /* UrbanSoochi.app */,
				3DCD6819244867EE00F55D3E /* UrbanSoochiTests.xctest */,
				3DCD6824244867EE00F55D3E /* UrbanSoochiUITests.xctest */,
			);
			name = Products;
			sourceTree = "<group>";
		};
		3DCD6805244867ED00F55D3E /* UrbanSoochi */ = {
			isa = PBXGroup;
			children = (
				3DCD6806244867ED00F55D3E /* AppDelegate.swift */,
				3DCD6808244867ED00F55D3E /* SceneDelegate.swift */,
				3DCD680A244867ED00F55D3E /* ViewController.swift */,
				3DCD680C244867ED00F55D3E /* Main.storyboard */,
				3DCD680F244867EE00F55D3E /* Assets.xcassets */,
				3DCD6811244867EE00F55D3E /* LaunchScreen.storyboard */,
				3DCD6814244867EE00F55D3E /* Info.plist */,
			);
			path = UrbanSoochi;
			sourceTree = "<group>";
		};
		3DCD681C244867EE00F55D3E /* UrbanSoochiTests */ = {
			isa = PBXGroup;
			children = (
				3DCD681D244867EE00F55D3E /* UrbanSoochiTests.swift */,
				3DCD681F244867EE00F55D3E /* Info.plist */,
			);
			path = UrbanSoochiTests;
			sourceTree = "<group>";
		};
		3DCD6827244867EE00F55D3E /* UrbanSoochiUITests */ = {
			isa = PBXGroup;
			children = (
				3DCD6828244867EE00F55D3E /* UrbanSoochiUITests.swift */,
				3DCD682A244867EE00F55D3E /* Info.plist */,
			);
			path = UrbanSoochiUITests;
			sourceTree = "<group>";
		};
/* End PBXGroup section */

/* Begin PBXNativeTarget section */
		3DCD6802244867ED00F55D3E /* UrbanSoochi */ = {
			isa = PBXNativeTarget;
			buildConfigurationList = 3DCD682D244867EE00F55D3E /* Build configuration list for PBXNativeTarget "UrbanSoochi" */;
			buildPhases = (
				3DCD67FF244867ED00F55D3E /* Sources */,
				3DCD6800244867ED00F55D3E /* Frameworks */,
				3DCD6801244867ED00F55D3E /* Resources */,
			);
			buildRules = (
			);
			dependencies = (
			);
			name = UrbanSoochi;
			productName = UrbanSoochi;
			productReference = 3DCD6803244867ED00F55D3E /* UrbanSoochi.app */;
			productType = "com.apple.product-type.application";
		};
		3DCD6818244867EE00F55D3E /* UrbanSoochiTests */ = {
			isa = PBXNativeTarget;
			buildConfigurationList = 3DCD6830244867EE00F55D3E /* Build configuration list for PBXNativeTarget "UrbanSoochiTests" */;
			buildPhases = (
				3DCD6815244867EE00F55D3E /* Sources */,
				3DCD6816244867EE00F55D3E /* Frameworks */,
				3DCD6817244867EE00F55D3E /* Resources */,
			);
			buildRules = (
			);
			dependencies = (
				3DCD681B244867EE00F55D3E /* PBXTargetDependency */,
			);
			name = UrbanSoochiTests;
			productName = UrbanSoochiTests;
			productReference = 3DCD6819244867EE00F55D3E /* UrbanSoochiTests.xctest */;
			productType = "com.apple.product-type.bundle.unit-test";
		};
		3DCD6823244867EE00F55D3E /* UrbanSoochiUITests */ = {
			isa = PBXNativeTarget;
			buildConfigurationList = 3DCD6833244867EE00F55D3E /* Build configuration list for PBXNativeTarget "UrbanSoochiUITests" */;
			buildPhases = (
				3DCD6820244867EE00F55D3E /* Sources */,
				3DCD6821244867EE00F55D3E /* Frameworks */,
				3DCD6822244867EE00F55D3E /* Resources */,
			);
			buildRules = (
			);
			dependencies = (
				3DCD6826244867EE00F55D3E /* PBXTargetDependency */,
			);
			name = UrbanSoochiUITests;
			productName = UrbanSoochiUITests;
			productReference = 3DCD6824244867EE00F55D3E /* UrbanSoochiUITests.xctest */;
			productType = "com.apple.product-type.bundle.ui-testing";
		};
/* End PBXNativeTarget section */

/* Begin PBXProject section */
		3DCD67FB244867ED00F55D3E /* Project object */ = {
			isa = PBXProject;
			attributes = {
				LastSwiftUpdateCheck = 1130;
				LastUpgradeCheck = 1130;
				ORGANIZATIONNAME = Personal;
				TargetAttributes = {
					3DCD6802244867ED00F55D3E = {
						CreatedOnToolsVersion = 11.3.1;
					};
					3DCD6818244867EE00F55D3E = {
						CreatedOnToolsVersion = 11.3.1;
						TestTargetID = 3DCD6802244867ED00F55D3E;
					};
					3DCD6823244867EE00F55D3E = {
						CreatedOnToolsVersion = 11.3.1;
						TestTargetID = 3DCD6802244867ED00F55D3E;
					};
				};
			};
			buildConfigurationList = 3DCD67FE244867ED00F55D3E /* Build configuration list for PBXProject "UrbanSoochi" */;
			compatibilityVersion = "Xcode 9.3";
			developmentRegion = en;
			hasScannedForEncodings = 0;
			knownRegions = (
				en,
				Base,
			);
			mainGroup = 3DCD67FA244867ED00F55D3E;
			productRefGroup = 3DCD6804244867ED00F55D3E /* Products */;
			projectDirPath = "";
			projectRoot = "";
			targets = (
				3DCD6802244867ED00F55D3E /* UrbanSoochi */,
				3DCD6818244867EE00F55D3E /* UrbanSoochiTests */,
				3DCD6823244867EE00F55D3E /* UrbanSoochiUITests */,
			);
		};
/* End PBXProject section */

/* Begin PBXResourcesBuildPhase section */
		3DCD6801244867ED00F55D3E /* Resources */ = {
			isa = PBXResourcesBuildPhase;
			buildActionMask = 2147483647;
			files = (
				3DCD6813244867EE00F55D3E /* LaunchScreen.storyboard in Resources */,
				3DCD6810244867EE00F55D3E /* Assets.xcassets in Resources */,
				3DCD680E244867ED00F55D3E /* Main.storyboard in Resources */,
			);
			runOnlyForDeploymentPostprocessing = 0;
		};
		3DCD6817244867EE00F55D3E /* Resources */ = {
			isa = PBXResourcesBuildPhase;
			buildActionMask = 2147483647;
			files = (
			);
			runOnlyForDeploymentPostprocessing = 0;
		};
		3DCD6822244867EE00F55D3E /* Resources */ = {
			isa = PBXResourcesBuildPhase;
			buildActionMask = 2147483647;
			files = (
			);
			runOnlyForDeploymentPostprocessing = 0;
		};
/* End PBXResourcesBuildPhase section */

/* Begin PBXSourcesBuildPhase section */
		3DCD67FF244867ED00F55D3E /* Sources */ = {
			isa = PBXSourcesBuildPhase;
			buildActionMask = 2147483647;
			files = (
				3DCD680B244867ED00F55D3E /* ViewController.swift in Sources */,
				3DCD6807244867ED00F55D3E /* AppDelegate.swift in Sources */,
				3DCD6809244867ED00F55D3E /* SceneDelegate.swift in Sources */,
			);
			runOnlyForDeploymentPostprocessing = 0;
		};
		3DCD6815244867EE00F55D3E /* Sources */ = {
			isa = PBXSourcesBuildPhase;
			buildActionMask = 2147483647;
			files = (
				3DCD681E244867EE00F55D3E /* UrbanSoochiTests.swift in Sources */,
			);
			runOnlyForDeploymentPostprocessing = 0;
		};
		3DCD6820244867EE00F55D3E /* Sources */ = {
			isa = PBXSourcesBuildPhase;
			buildActionMask = 2147483647;
			files = (
				3DCD6829244867EE00F55D3E /* UrbanSoochiUITests.swift in Sources */,
			);
			runOnlyForDeploymentPostprocessing = 0;
		};
/* End PBXSourcesBuildPhase section */

/* Begin PBXTargetDependency section */
		3DCD681B244867EE00F55D3E /* PBXTargetDependency */ = {
			isa = PBXTargetDependency;
			target = 3DCD6802244867ED00F55D3E /* UrbanSoochi */;
			targetProxy = 3DCD681A244867EE00F55D3E /* PBXContainerItemProxy */;
		};
		3DCD6826244867EE00F55D3E /* PBXTargetDependency */ = {
			isa = PBXTargetDependency;
			target = 3DCD6802244867ED00F55D3E /* UrbanSoochi */;
			targetProxy = 3DCD6825244867EE00F55D3E /* PBXContainerItemProxy */;
		};
/* End PBXTargetDependency section */

/* Begin PBXVariantGroup section */
		3DCD680C244867ED00F55D3E /* Main.storyboard */ = {
			isa = PBXVariantGroup;
			children = (
				3DCD680D244867ED00F55D3E /* Base */,
			);
			name = Main.storyboard;
			sourceTree = "<group>";
		};
		3DCD6811244867EE00F55D3E /* LaunchScreen.storyboard */ = {
			isa = PBXVariantGroup;
			children = (
				3DCD6812244867EE00F55D3E /* Base */,
			);
			name = LaunchScreen.storyboard;
			sourceTree = "<group>";
		};
/* End PBXVariantGroup section */

/* Begin XCBuildConfiguration section */
		3DCD682B244867EE00F55D3E /* Debug */ = {
			isa = XCBuildConfiguration;
			buildSettings = {
				ALWAYS_SEARCH_USER_PATHS = NO;
				CLANG_ANALYZER_NONNULL = YES;
				CLANG_ANALYZER_NUMBER_OBJECT_CONVERSION = YES_AGGRESSIVE;
				CLANG_CXX_LANGUAGE_STANDARD = "gnu++14";
				CLANG_CXX_LIBRARY = "libc++";
				CLANG_ENABLE_MODULES = YES;
				CLANG_ENABLE_OBJC_ARC = YES;
				CLANG_ENABLE_OBJC_WEAK = YES;
				CLANG_WARN_BLOCK_CAPTURE_AUTORELEASING = YES;
				CLANG_WARN_BOOL_CONVERSION = YES;
				CLANG_WARN_COMMA = YES;
				CLANG_WARN_CONSTANT_CONVERSION = YES;
				CLANG_WARN_DEPRECATED_OBJC_IMPLEMENTATIONS = YES;
				CLANG_WARN_DIRECT_OBJC_ISA_USAGE = YES_ERROR;
				CLANG_WARN_DOCUMENTATION_COMMENTS = YES;
				CLANG_WARN_EMPTY_BODY = YES;
				CLANG_WARN_ENUM_CONVERSION = YES;
				CLANG_WARN_INFINITE_RECURSION = YES;
				CLANG_WARN_INT_CONVERSION = YES;
				CLANG_WARN_NON_LITERAL_NULL_CONVERSION = YES;
				CLANG_WARN_OBJC_IMPLICIT_RETAIN_SELF = YES;
				CLANG_WARN_OBJC_LITERAL_CONVERSION = YES;
				CLANG_WARN_OBJC_ROOT_CLASS = YES_ERROR;
				CLANG_WARN_RANGE_LOOP_ANALYSIS = YES;
				CLANG_WARN_STRICT_PROTOTYPES = YES;
				CLANG_WARN_SUSPICIOUS_MOVE = YES;
				CLANG_WARN_UNGUARDED_AVAILABILITY = YES_AGGRESSIVE;
				CLANG_WARN_UNREACHABLE_CODE = YES;
				CLANG_WARN__DUPLICATE_METHOD_MATCH = YES;
				COPY_PHASE_STRIP = NO;
				DEBUG_INFORMATION_FORMAT = dwarf;
				ENABLE_STRICT_OBJC_MSGSEND = YES;
				ENABLE_TESTABILITY = YES;
				GCC_C_LANGUAGE_STANDARD = gnu11;
				GCC_DYNAMIC_NO_PIC = NO;
				GCC_NO_COMMON_BLOCKS = YES;
				GCC_OPTIMIZATION_LEVEL = 0;
				GCC_PREPROCESSOR_DEFINITIONS = (
					"DEBUG=1",
					"$(inherited)",
				);
				GCC_WARN_64_TO_32_BIT_CONVERSION = YES;
				GCC_WARN_ABOUT_RETURN_TYPE = YES_ERROR;
				GCC_WARN_UNDECLARED_SELECTOR = YES;
				GCC_WARN_UNINITIALIZED_AUTOS = YES_AGGRESSIVE;
				GCC_WARN_UNUSED_FUNCTION = YES;
				GCC_WARN_UNUSED_VARIABLE = YES;
				IPHONEOS_DEPLOYMENT_TARGET = 13.2;
				MTL_ENABLE_DEBUG_INFO = INCLUDE_SOURCE;
				MTL_FAST_MATH = YES;
				ONLY_ACTIVE_ARCH = YES;
				SDKROOT = iphoneos;
				SWIFT_ACTIVE_COMPILATION_CONDITIONS = DEBUG;
				SWIFT_OPTIMIZATION_LEVEL = "-Onone";
			};
			name = Debug;
		};
		3DCD682C244867EE00F55D3E /* Release */ = {
			isa = XCBuildConfiguration;
			buildSettings = {
				ALWAYS_SEARCH_USER_PATHS = NO;
				CLANG_ANALYZER_NONNULL = YES;
				CLANG_ANALYZER_NUMBER_OBJECT_CONVERSION = YES_AGGRESSIVE;
				CLANG_CXX_LANGUAGE_STANDARD = "gnu++14";
				CLANG_CXX_LIBRARY = "libc++";
				CLANG_ENABLE_MODULES = YES;
				CLANG_ENABLE_OBJC_ARC = YES;
				CLANG_ENABLE_OBJC_WEAK = YES;
				CLANG_WARN_BLOCK_CAPTURE_AUTORELEASING = YES;
				CLANG_WARN_BOOL_CONVERSION = YES;
				CLANG_WARN_COMMA = YES;
				CLANG_WARN_CONSTANT_CONVERSION = YES;
				CLANG_WARN_DEPRECATED_OBJC_IMPLEMENTATIONS = YES;
				CLANG_WARN_DIRECT_OBJC_ISA_USAGE = YES_ERROR;
				CLANG_WARN_DOCUMENTATION_COMMENTS = YES;
				CLANG_WARN_EMPTY_BODY = YES;
				CLANG_WARN_ENUM_CONVERSION = YES;
				CLANG_WARN_INFINITE_RECURSION = YES;
				CLANG_WARN_INT_CONVERSION = YES;
				CLANG_WARN_NON_LITERAL_NULL_CONVERSION = YES;
				CLANG_WARN_OBJC_IMPLICIT_RETAIN_SELF = YES;
				CLANG_WARN_OBJC_LITERAL_CONVERSION = YES;
				CLANG_WARN_OBJC_ROOT_CLASS = YES_ERROR;
				CLANG_WARN_RANGE_LOOP_ANALYSIS = YES;
				CLANG_WARN_STRICT_PROTOTYPES = YES;
				CLANG_WARN_SUSPICIOUS_MOVE = YES;
				CLANG_WARN_UNGUARDED_AVAILABILITY = YES_AGGRESSIVE;
				CLANG_WARN_UNREACHABLE_CODE = YES;
				CLANG_WARN__DUPLICATE_METHOD_MATCH = YES;
				COPY_PHASE_STRIP = NO;
				DEBUG_INFORMATION_FORMAT = "dwarf-with-dsym";
				ENABLE_NS_ASSERTIONS = NO;
				ENABLE_STRICT_OBJC_MSGSEND = YES;
				GCC_C_LANGUAGE_STANDARD = gnu11;
				GCC_NO_COMMON_BLOCKS = YES;
				GCC_WARN_64_TO_32_BIT_CONVERSION = YES;
				GCC_WARN_ABOUT_RETURN_TYPE = YES_ERROR;
				GCC_WARN_UNDECLARED_SELECTOR = YES;
				GCC_WARN_UNINITIALIZED_AUTOS = YES_AGGRESSIVE;
				GCC_WARN_UNUSED_FUNCTION = YES;
				GCC_WARN_UNUSED_VARIABLE = YES;
				IPHONEOS_DEPLOYMENT_TARGET = 13.2;
				MTL_ENABLE_DEBUG_INFO = NO;
				MTL_FAST_MATH = YES;
				SDKROOT = iphoneos;
				SWIFT_COMPILATION_MODE = wholemodule;
				SWIFT_OPTIMIZATION_LEVEL = "-O";
				VALIDATE_PRODUCT = YES;
			};
			name = Release;
		};
		3DCD682E244867EE00F55D3E /* Debug */ = {
			isa = XCBuildConfiguration;
			buildSettings = {
				ASSETCATALOG_COMPILER_APPICON_NAME = AppIcon;
				CODE_SIGN_STYLE = Automatic;
				DEVELOPMENT_TEAM = FW9AJ8JAC6;
				INFOPLIST_FILE = UrbanSoochi/Info.plist;
				LD_RUNPATH_SEARCH_PATHS = (
					"$(inherited)",
					"@executable_path/Frameworks",
				);
				PRODUCT_BUNDLE_IDENTIFIER = com.hejibVinayak.AngalaBasicsDebugger.UrbanSoochi;
				PRODUCT_NAME = "$(TARGET_NAME)";
				SWIFT_VERSION = 5.0;
				TARGETED_DEVICE_FAMILY = "1,2";
			};
			name = Debug;
		};
		3DCD682F244867EE00F55D3E /* Release */ = {
			isa = XCBuildConfiguration;
			buildSettings = {
				ASSETCATALOG_COMPILER_APPICON_NAME = AppIcon;
				CODE_SIGN_STYLE = Automatic;
				DEVELOPMENT_TEAM = FW9AJ8JAC6;
				INFOPLIST_FILE = UrbanSoochi/Info.plist;
				LD_RUNPATH_SEARCH_PATHS = (
					"$(inherited)",
					"@executable_path/Frameworks",
				);
				PRODUCT_BUNDLE_IDENTIFIER = com.hejibVinayak.AngalaBasicsDebugger.UrbanSoochi;
				PRODUCT_NAME = "$(TARGET_NAME)";
				SWIFT_VERSION = 5.0;
				TARGETED_DEVICE_FAMILY = "1,2";
			};
			name = Release;
		};
		3DCD6831244867EE00F55D3E /* Debug */ = {
			isa = XCBuildConfiguration;
			buildSettings = {
				ALWAYS_EMBED_SWIFT_STANDARD_LIBRARIES = YES;
				BUNDLE_LOADER = "$(TEST_HOST)";
				CODE_SIGN_STYLE = Automatic;
				DEVELOPMENT_TEAM = FW9AJ8JAC6;
				INFOPLIST_FILE = UrbanSoochiTests/Info.plist;
				IPHONEOS_DEPLOYMENT_TARGET = 13.2;
				LD_RUNPATH_SEARCH_PATHS = (
					"$(inherited)",
					"@executable_path/Frameworks",
					"@loader_path/Frameworks",
				);
				PRODUCT_BUNDLE_IDENTIFIER = com.hejibVinayak.AngalaBasicsDebugger.UrbanSoochiTests;
				PRODUCT_NAME = "$(TARGET_NAME)";
				SWIFT_VERSION = 5.0;
				TARGETED_DEVICE_FAMILY = "1,2";
				TEST_HOST = "$(BUILT_PRODUCTS_DIR)/UrbanSoochi.app/UrbanSoochi";
			};
			name = Debug;
		};
		3DCD6832244867EE00F55D3E /* Release */ = {
			isa = XCBuildConfiguration;
			buildSettings = {
				ALWAYS_EMBED_SWIFT_STANDARD_LIBRARIES = YES;
				BUNDLE_LOADER = "$(TEST_HOST)";
				CODE_SIGN_STYLE = Automatic;
				DEVELOPMENT_TEAM = FW9AJ8JAC6;
				INFOPLIST_FILE = UrbanSoochiTests/Info.plist;
				IPHONEOS_DEPLOYMENT_TARGET = 13.2;
				LD_RUNPATH_SEARCH_PATHS = (
					"$(inherited)",
					"@executable_path/Frameworks",
					"@loader_path/Frameworks",
				);
				PRODUCT_BUNDLE_IDENTIFIER = com.hejibVinayak.AngalaBasicsDebugger.UrbanSoochiTests;
				PRODUCT_NAME = "$(TARGET_NAME)";
				SWIFT_VERSION = 5.0;
				TARGETED_DEVICE_FAMILY = "1,2";
				TEST_HOST = "$(BUILT_PRODUCTS_DIR)/UrbanSoochi.app/UrbanSoochi";
			};
			name = Release;
		};
		3DCD6834244867EE00F55D3E /* Debug */ = {
			isa = XCBuildConfiguration;
			buildSettings = {
				ALWAYS_EMBED_SWIFT_STANDARD_LIBRARIES = YES;
				CODE_SIGN_STYLE = Automatic;
				DEVELOPMENT_TEAM = FW9AJ8JAC6;
				INFOPLIST_FILE = UrbanSoochiUITests/Info.plist;
				LD_RUNPATH_SEARCH_PATHS = (
					"$(inherited)",
					"@executable_path/Frameworks",
					"@loader_path/Frameworks",
				);
				PRODUCT_BUNDLE_IDENTIFIER = com.hejibVinayak.AngalaBasicsDebugger.UrbanSoochiUITests;
				PRODUCT_NAME = "$(TARGET_NAME)";
				SWIFT_VERSION = 5.0;
				TARGETED_DEVICE_FAMILY = "1,2";
				TEST_TARGET_NAME = UrbanSoochi;
			};
			name = Debug;
		};
		3DCD6835244867EE00F55D3E /* Release */ = {
			isa = XCBuildConfiguration;
			buildSettings = {
				ALWAYS_EMBED_SWIFT_STANDARD_LIBRARIES = YES;
				CODE_SIGN_STYLE = Automatic;
				DEVELOPMENT_TEAM = FW9AJ8JAC6;
				INFOPLIST_FILE = UrbanSoochiUITests/Info.plist;
				LD_RUNPATH_SEARCH_PATHS = (
					"$(inherited)",
					"@executable_path/Frameworks",
					"@loader_path/Frameworks",
				);
				PRODUCT_BUNDLE_IDENTIFIER = com.hejibVinayak.AngalaBasicsDebugger.UrbanSoochiUITests;
				PRODUCT_NAME = "$(TARGET_NAME)";
				SWIFT_VERSION = 5.0;
				TARGETED_DEVICE_FAMILY = "1,2";
				TEST_TARGET_NAME = UrbanSoochi;
			};
			name = Release;
		};
/* End XCBuildConfiguration section */

/* Begin XCConfigurationList section */
		3DCD67FE244867ED00F55D3E /* Build configuration list for PBXProject "UrbanSoochi" */ = {
			isa = XCConfigurationList;
			buildConfigurations = (
				3DCD682B244867EE00F55D3E /* Debug */,
				3DCD682C244867EE00F55D3E /* Release */,
			);
			defaultConfigurationIsVisible = 0;
			defaultConfigurationName = Release;
		};
		3DCD682D244867EE00F55D3E /* Build configuration list for PBXNativeTarget "UrbanSoochi" */ = {
			isa = XCConfigurationList;
			buildConfigurations = (
				3DCD682E244867EE00F55D3E /* Debug */,
				3DCD682F244867EE00F55D3E /* Release */,
			);
			defaultConfigurationIsVisible = 0;
			defaultConfigurationName = Release;
		};
		3DCD6830244867EE00F55D3E /* Build configuration list for PBXNativeTarget "UrbanSoochiTests" */ = {
			isa = XCConfigurationList;
			buildConfigurations = (
				3DCD6831244867EE00F55D3E /* Debug */,
				3DCD6832244867EE00F55D3E /* Release */,
			);
			defaultConfigurationIsVisible = 0;
			defaultConfigurationName = Release;
		};
		3DCD6833244867EE00F55D3E /* Build configuration list for PBXNativeTarget "UrbanSoochiUITests" */ = {
			isa = XCConfigurationList;
			buildConfigurations = (
				3DCD6834244867EE00F55D3E /* Debug */,
				3DCD6835244867EE00F55D3E /* Release */,
			);
			defaultConfigurationIsVisible = 0;
			defaultConfigurationName = Release;
		};
/* End XCConfigurationList section */
	};
	rootObject = 3DCD67FB244867ED00F55D3E /* Project object */;
}
